// !$*UTF8*$!
{
	archiveVersion = 1;
	classes = {
	};
	objectVersion = 50;
	objects = {

/* Begin PBXBuildFile section */
		CD9D732224B2D19A006D3103 /* AppDelegate.swift in Sources */ = {isa = PBXBuildFile; fileRef = CD9D732124B2D19A006D3103 /* AppDelegate.swift */; };
		CD9D732424B2D19A006D3103 /* SceneDelegate.swift in Sources */ = {isa = PBXBuildFile; fileRef = CD9D732324B2D19A006D3103 /* SceneDelegate.swift */; };
		CD9D732624B2D19A006D3103 /* ViewController.swift in Sources */ = {isa = PBXBuildFile; fileRef = CD9D732524B2D19A006D3103 /* ViewController.swift */; };
		CD9D732924B2D19A006D3103 /* Main.storyboard in Resources */ = {isa = PBXBuildFile; fileRef = CD9D732724B2D19A006D3103 /* Main.storyboard */; };
		CD9D732C24B2D19A006D3103 /* TestRename.xcdatamodeld in Sources */ = {isa = PBXBuildFile; fileRef = CD9D732A24B2D19A006D3103 /* TestRename.xcdatamodeld */; };
		CD9D732E24B2D19B006D3103 /* Assets.xcassets in Resources */ = {isa = PBXBuildFile; fileRef = CD9D732D24B2D19B006D3103 /* Assets.xcassets */; };
		CD9D733124B2D19B006D3103 /* LaunchScreen.storyboard in Resources */ = {isa = PBXBuildFile; fileRef = CD9D732F24B2D19B006D3103 /* LaunchScreen.storyboard */; };
/* End PBXBuildFile section */

/* Begin PBXFileReference section */
		CD9D731E24B2D19A006D3103 /* Rename2.app */ = {isa = PBXFileReference; explicitFileType = wrapper.application; includeInIndex = 0; path = Rename2.app; sourceTree = BUILT_PRODUCTS_DIR; };
		CD9D732124B2D19A006D3103 /* AppDelegate.swift */ = {isa = PBXFileReference; lastKnownFileType = sourcecode.swift; path = AppDelegate.swift; sourceTree = "<group>"; };
		CD9D732324B2D19A006D3103 /* SceneDelegate.swift */ = {isa = PBXFileReference; lastKnownFileType = sourcecode.swift; path = SceneDelegate.swift; sourceTree = "<group>"; };
		CD9D732524B2D19A006D3103 /* ViewController.swift */ = {isa = PBXFileReference; lastKnownFileType = sourcecode.swift; path = ViewController.swift; sourceTree = "<group>"; };
		CD9D732824B2D19A006D3103 /* Base */ = {isa = PBXFileReference; lastKnownFileType = file.storyboard; name = Base; path = Base.lproj/Main.storyboard; sourceTree = "<group>"; };
		CD9D732B24B2D19A006D3103 /* BisaRenameGakYa.xcdatamodel */ = {isa = PBXFileReference; lastKnownFileType = wrapper.xcdatamodel; path = BisaRenameGakYa.xcdatamodel; sourceTree = "<group>"; };
		CD9D732D24B2D19B006D3103 /* Assets.xcassets */ = {isa = PBXFileReference; lastKnownFileType = folder.assetcatalog; path = Assets.xcassets; sourceTree = "<group>"; };
		CD9D733024B2D19B006D3103 /* Base */ = {isa = PBXFileReference; lastKnownFileType = file.storyboard; name = Base; path = Base.lproj/LaunchScreen.storyboard; sourceTree = "<group>"; };
		CD9D733224B2D19B006D3103 /* Info.plist */ = {isa = PBXFileReference; lastKnownFileType = text.plist.xml; path = Info.plist; sourceTree = "<group>"; };
/* End PBXFileReference section */

/* Begin PBXFrameworksBuildPhase section */
		CD9D731B24B2D19A006D3103 /* Frameworks */ = {
			isa = PBXFrameworksBuildPhase;
			buildActionMask = 2147483647;
			files = (
			);
			runOnlyForDeploymentPostprocessing = 0;
		};
/* End PBXFrameworksBuildPhase section */

/* Begin PBXGroup section */
		CD9D731524B2D19A006D3103 = {
			isa = PBXGroup;
			children = (
				CD9D732024B2D19A006D3103 /* Rename2 */,
				CD9D731F24B2D19A006D3103 /* Products */,
			);
			sourceTree = "<group>";
		};
		CD9D731F24B2D19A006D3103 /* Products */ = {
			isa = PBXGroup;
			children = (
				CD9D731E24B2D19A006D3103 /* Rename2.app */,
			);
			name = Products;
			sourceTree = "<group>";
		};
		CD9D732024B2D19A006D3103 /* Rename2 */ = {
			isa = PBXGroup;
			children = (
				CD9D732124B2D19A006D3103 /* AppDelegate.swift */,
				CD9D732324B2D19A006D3103 /* SceneDelegate.swift */,
				CD9D732524B2D19A006D3103 /* ViewController.swift */,
				CD9D732724B2D19A006D3103 /* Main.storyboard */,
				CD9D732D24B2D19B006D3103 /* Assets.xcassets */,
				CD9D732F24B2D19B006D3103 /* LaunchScreen.storyboard */,
				CD9D733224B2D19B006D3103 /* Info.plist */,
				CD9D732A24B2D19A006D3103 /* TestRename.xcdatamodeld */,
			);
			path = Rename2;
			sourceTree = "<group>";
		};
/* End PBXGroup section */

/* Begin PBXNativeTarget section */
		CD9D731D24B2D19A006D3103 /* Rename2 */ = {
			isa = PBXNativeTarget;
			buildConfigurationList = CD9D733524B2D19B006D3103 /* Build configuration list for PBXNativeTarget "Rename2" */;
			buildPhases = (
				CD9D731A24B2D19A006D3103 /* Sources */,
				CD9D731B24B2D19A006D3103 /* Frameworks */,
				CD9D731C24B2D19A006D3103 /* Resources */,
			);
			buildRules = (
			);
			dependencies = (
			);
			name = Rename2;
			productName = BisaRenameGakYa;
			productReference = CD9D731E24B2D19A006D3103 /* Rename2.app */;
			productType = "com.apple.product-type.application";
		};
/* End PBXNativeTarget section */

/* Begin PBXProject section */
		CD9D731624B2D19A006D3103 /* Project object */ = {
			isa = PBXProject;
			attributes = {
				LastSwiftUpdateCheck = 1150;
				LastUpgradeCheck = 1150;
				ORGANIZATIONNAME = "Hubert Daryanto";
				TargetAttributes = {
					CD9D731D24B2D19A006D3103 = {
						CreatedOnToolsVersion = 11.5;
					};
				};
			};
			buildConfigurationList = CD9D731924B2D19A006D3103 /* Build configuration list for PBXProject "Rename2" */;
			compatibilityVersion = "Xcode 9.3";
			developmentRegion = en;
			hasScannedForEncodings = 0;
			knownRegions = (
				en,
				Base,
			);
			mainGroup = CD9D731524B2D19A006D3103;
			productRefGroup = CD9D731F24B2D19A006D3103 /* Products */;
			projectDirPath = "";
			projectRoot = "";
			targets = (
				CD9D731D24B2D19A006D3103 /* Rename2 */,
			);
		};
/* End PBXProject section */

/* Begin PBXResourcesBuildPhase section */
		CD9D731C24B2D19A006D3103 /* Resources */ = {
			isa = PBXResourcesBuildPhase;
			buildActionMask = 2147483647;
			files = (
				CD9D733124B2D19B006D3103 /* LaunchScreen.storyboard in Resources */,
				CD9D732E24B2D19B006D3103 /* Assets.xcassets in Resources */,
				CD9D732924B2D19A006D3103 /* Main.storyboard in Resources */,
			);
			runOnlyForDeploymentPostprocessing = 0;
		};
/* End PBXResourcesBuildPhase section */

/* Begin PBXSourcesBuildPhase section */
		CD9D731A24B2D19A006D3103 /* Sources */ = {
			isa = PBXSourcesBuildPhase;
			buildActionMask = 2147483647;
			files = (
				CD9D732C24B2D19A006D3103 /* TestRename.xcdatamodeld in Sources */,
				CD9D732624B2D19A006D3103 /* ViewController.swift in Sources */,
				CD9D732224B2D19A006D3103 /* AppDelegate.swift in Sources */,
				CD9D732424B2D19A006D3103 /* SceneDelegate.swift in Sources */,
			);
			runOnlyForDeploymentPostprocessing = 0;
		};
/* End PBXSourcesBuildPhase section */

/* Begin PBXVariantGroup section */
		CD9D732724B2D19A006D3103 /* Main.storyboard */ = {
			isa = PBXVariantGroup;
			children = (
				CD9D732824B2D19A006D3103 /* Base */,
			);
			name = Main.storyboard;
			sourceTree = "<group>";
		};
		CD9D732F24B2D19B006D3103 /* LaunchScreen.storyboard */ = {
			isa = PBXVariantGroup;
			children = (
				CD9D733024B2D19B006D3103 /* Base */,
			);
			name = LaunchScreen.storyboard;
			sourceTree = "<group>";
		};
/* End PBXVariantGroup section */

/* Begin XCBuildConfiguration section */
		CD9D733324B2D19B006D3103 /* Debug */ = {
			isa = XCBuildConfiguration;
			buildSettings = {
				ALWAYS_SEARCH_USER_PATHS = NO;
				CLANG_ANALYZER_NONNULL = YES;
				CLANG_ANALYZER_NUMBER_OBJECT_CONVERSION = YES_AGGRESSIVE;
				CLANG_CXX_LANGUAGE_STANDARD = "gnu++14";
				CLANG_CXX_LIBRARY = "libc++";
				CLANG_ENABLE_MODULES = YES;
				CLANG_ENABLE_OBJC_ARC = YES;
				CLANG_ENABLE_OBJC_WEAK = YES;
				CLANG_WARN_BLOCK_CAPTURE_AUTORELEASING = YES;
				CLANG_WARN_BOOL_CONVERSION = YES;
				CLANG_WARN_COMMA = YES;
				CLANG_WARN_CONSTANT_CONVERSION = YES;
				CLANG_WARN_DEPRECATED_OBJC_IMPLEMENTATIONS = YES;
				CLANG_WARN_DIRECT_OBJC_ISA_USAGE = YES_ERROR;
				CLANG_WARN_DOCUMENTATION_COMMENTS = YES;
				CLANG_WARN_EMPTY_BODY = YES;
				CLANG_WARN_ENUM_CONVERSION = YES;
				CLANG_WARN_INFINITE_RECURSION = YES;
				CLANG_WARN_INT_CONVERSION = YES;
				CLANG_WARN_NON_LITERAL_NULL_CONVERSION = YES;
				CLANG_WARN_OBJC_IMPLICIT_RETAIN_SELF = YES;
				CLANG_WARN_OBJC_LITERAL_CONVERSION = YES;
				CLANG_WARN_OBJC_ROOT_CLASS = YES_ERROR;
				CLANG_WARN_RANGE_LOOP_ANALYSIS = YES;
				CLANG_WARN_STRICT_PROTOTYPES = YES;
				CLANG_WARN_SUSPICIOUS_MOVE = YES;
				CLANG_WARN_UNGUARDED_AVAILABILITY = YES_AGGRESSIVE;
				CLANG_WARN_UNREACHABLE_CODE = YES;
				CLANG_WARN__DUPLICATE_METHOD_MATCH = YES;
				COPY_PHASE_STRIP = NO;
				DEBUG_INFORMATION_FORMAT = dwarf;
				ENABLE_STRICT_OBJC_MSGSEND = YES;
				ENABLE_TESTABILITY = YES;
				GCC_C_LANGUAGE_STANDARD = gnu11;
				GCC_DYNAMIC_NO_PIC = NO;
				GCC_NO_COMMON_BLOCKS = YES;
				GCC_OPTIMIZATION_LEVEL = 0;
				GCC_PREPROCESSOR_DEFINITIONS = (
					"DEBUG=1",
					"$(inherited)",
				);
				GCC_WARN_64_TO_32_BIT_CONVERSION = YES;
				GCC_WARN_ABOUT_RETURN_TYPE = YES_ERROR;
				GCC_WARN_UNDECLARED_SELECTOR = YES;
				GCC_WARN_UNINITIALIZED_AUTOS = YES_AGGRESSIVE;
				GCC_WARN_UNUSED_FUNCTION = YES;
				GCC_WARN_UNUSED_VARIABLE = YES;
				IPHONEOS_DEPLOYMENT_TARGET = 13.5;
				MTL_ENABLE_DEBUG_INFO = INCLUDE_SOURCE;
				MTL_FAST_MATH = YES;
				ONLY_ACTIVE_ARCH = YES;
				SDKROOT = iphoneos;
				SWIFT_ACTIVE_COMPILATION_CONDITIONS = DEBUG;
				SWIFT_OPTIMIZATION_LEVEL = "-Onone";
			};
			name = Debug;
		};
		CD9D733424B2D19B006D3103 /* Release */ = {
			isa = XCBuildConfiguration;
			buildSettings = {
				ALWAYS_SEARCH_USER_PATHS = NO;
				CLANG_ANALYZER_NONNULL = YES;
				CLANG_ANALYZER_NUMBER_OBJECT_CONVERSION = YES_AGGRESSIVE;
				CLANG_CXX_LANGUAGE_STANDARD = "gnu++14";
				CLANG_CXX_LIBRARY = "libc++";
				CLANG_ENABLE_MODULES = YES;
				CLANG_ENABLE_OBJC_ARC = YES;
				CLANG_ENABLE_OBJC_WEAK = YES;
				CLANG_WARN_BLOCK_CAPTURE_AUTORELEASING = YES;
				CLANG_WARN_BOOL_CONVERSION = YES;
				CLANG_WARN_COMMA = YES;
				CLANG_WARN_CONSTANT_CONVERSION = YES;
				CLANG_WARN_DEPRECATED_OBJC_IMPLEMENTATIONS = YES;
				CLANG_WARN_DIRECT_OBJC_ISA_USAGE = YES_ERROR;
				CLANG_WARN_DOCUMENTATION_COMMENTS = YES;
				CLANG_WARN_EMPTY_BODY = YES;
				CLANG_WARN_ENUM_CONVERSION = YES;
				CLANG_WARN_INFINITE_RECURSION = YES;
				CLANG_WARN_INT_CONVERSION = YES;
				CLANG_WARN_NON_LITERAL_NULL_CONVERSION = YES;
				CLANG_WARN_OBJC_IMPLICIT_RETAIN_SELF = YES;
				CLANG_WARN_OBJC_LITERAL_CONVERSION = YES;
				CLANG_WARN_OBJC_ROOT_CLASS = YES_ERROR;
				CLANG_WARN_RANGE_LOOP_ANALYSIS = YES;
				CLANG_WARN_STRICT_PROTOTYPES = YES;
				CLANG_WARN_SUSPICIOUS_MOVE = YES;
				CLANG_WARN_UNGUARDED_AVAILABILITY = YES_AGGRESSIVE;
				CLANG_WARN_UNREACHABLE_CODE = YES;
				CLANG_WARN__DUPLICATE_METHOD_MATCH = YES;
				COPY_PHASE_STRIP = NO;
				DEBUG_INFORMATION_FORMAT = "dwarf-with-dsym";
				ENABLE_NS_ASSERTIONS = NO;
				ENABLE_STRICT_OBJC_MSGSEND = YES;
				GCC_C_LANGUAGE_STANDARD = gnu11;
				GCC_NO_COMMON_BLOCKS = YES;
				GCC_WARN_64_TO_32_BIT_CONVERSION = YES;
				GCC_WARN_ABOUT_RETURN_TYPE = YES_ERROR;
				GCC_WARN_UNDECLARED_SELECTOR = YES;
				GCC_WARN_UNINITIALIZED_AUTOS = YES_AGGRESSIVE;
				GCC_WARN_UNUSED_FUNCTION = YES;
				GCC_WARN_UNUSED_VARIABLE = YES;
				IPHONEOS_DEPLOYMENT_TARGET = 13.5;
				MTL_ENABLE_DEBUG_INFO = NO;
				MTL_FAST_MATH = YES;
				SDKROOT = iphoneos;
				SWIFT_COMPILATION_MODE = wholemodule;
				SWIFT_OPTIMIZATION_LEVEL = "-O";
				VALIDATE_PRODUCT = YES;
			};
			name = Release;
		};
		CD9D733624B2D19B006D3103 /* Debug */ = {
			isa = XCBuildConfiguration;
			buildSettings = {
				ASSETCATALOG_COMPILER_APPICON_NAME = AppIcon;
				CODE_SIGN_STYLE = Automatic;
				DEVELOPMENT_TEAM = AB6S3CVVK7;
				INFOPLIST_FILE = Rename2/Info.plist;
				LD_RUNPATH_SEARCH_PATHS = (
					"$(inherited)",
					"@executable_path/Frameworks",
				);
				PRODUCT_BUNDLE_IDENTIFIER = com.Rename2;
				PRODUCT_NAME = Rename2;
				SWIFT_VERSION = 5.0;
				TARGETED_DEVICE_FAMILY = "1,2";
			};
			name = Debug;
		};
		CD9D733724B2D19B006D3103 /* Release */ = {
			isa = XCBuildConfiguration;
			buildSettings = {
				ASSETCATALOG_COMPILER_APPICON_NAME = AppIcon;
				CODE_SIGN_STYLE = Automatic;
				DEVELOPMENT_TEAM = AB6S3CVVK7;
				INFOPLIST_FILE = Rename2/Info.plist;
				LD_RUNPATH_SEARCH_PATHS = (
					"$(inherited)",
					"@executable_path/Frameworks",
				);
				PRODUCT_BUNDLE_IDENTIFIER = com.Rename2;
				PRODUCT_NAME = Rename2;
				SWIFT_VERSION = 5.0;
				TARGETED_DEVICE_FAMILY = "1,2";
			};
			name = Release;
		};
/* End XCBuildConfiguration section */

/* Begin XCConfigurationList section */
		CD9D731924B2D19A006D3103 /* Build configuration list for PBXProject "Rename2" */ = {
			isa = XCConfigurationList;
			buildConfigurations = (
				CD9D733324B2D19B006D3103 /* Debug */,
				CD9D733424B2D19B006D3103 /* Release */,
			);
			defaultConfigurationIsVisible = 0;
			defaultConfigurationName = Release;
		};
		CD9D733524B2D19B006D3103 /* Build configuration list for PBXNativeTarget "Rename2" */ = {
			isa = XCConfigurationList;
			buildConfigurations = (
				CD9D733624B2D19B006D3103 /* Debug */,
				CD9D733724B2D19B006D3103 /* Release */,
			);
			defaultConfigurationIsVisible = 0;
			defaultConfigurationName = Release;
		};
/* End XCConfigurationList section */

/* Begin XCVersionGroup section */
		CD9D732A24B2D19A006D3103 /* TestRename.xcdatamodeld */ = {
			isa = XCVersionGroup;
			children = (
				CD9D732B24B2D19A006D3103 /* BisaRenameGakYa.xcdatamodel */,
			);
			currentVersion = CD9D732B24B2D19A006D3103 /* BisaRenameGakYa.xcdatamodel */;
			path = TestRename.xcdatamodeld;
			sourceTree = "<group>";
			versionGroupType = wrapper.xcdatamodel;
		};
/* End XCVersionGroup section */
	};
	rootObject = CD9D731624B2D19A006D3103 /* Project object */;
}
