// !$*UTF8*$!
{
	archiveVersion = 1;
	classes = {
	};
	objectVersion = 50;
	objects = {

/* Begin PBXBuildFile section */
		2CCE0AC024D13D3100E53BCD /* Structure.swift in Sources */ = {isa = PBXBuildFile; fileRef = 2CCE0ABF24D13D3100E53BCD /* Structure.swift */; };
		57052F9F24D9CC6F001199F5 /* AddFriendsAlertView.swift in Sources */ = {isa = PBXBuildFile; fileRef = 57052F9E24D9CC6F001199F5 /* AddFriendsAlertView.swift */; };
		57220D1224D269C100BD7FCD /* SplashScreenView.swift in Sources */ = {isa = PBXBuildFile; fileRef = 57220D1124D269C100BD7FCD /* SplashScreenView.swift */; };
		572F32F424D111E000F24A6E /* Main.storyboard in Resources */ = {isa = PBXBuildFile; fileRef = CD75737124CFDE9100EABFC9 /* Main.storyboard */; };
		572F32F624D112ED00F24A6E /* ProfileView.swift in Sources */ = {isa = PBXBuildFile; fileRef = 572F32F524D112ED00F24A6E /* ProfileView.swift */; };
		572F32F824D119E800F24A6E /* ExploreDetailsView.swift in Sources */ = {isa = PBXBuildFile; fileRef = 572F32F724D119E800F24A6E /* ExploreDetailsView.swift */; };
		572F32FA24D11D3000F24A6E /* ListEventDetailsView.swift in Sources */ = {isa = PBXBuildFile; fileRef = 572F32F924D11D3000F24A6E /* ListEventDetailsView.swift */; };
		572F32FC24D1238000F24A6E /* EventDetailsView.swift in Sources */ = {isa = PBXBuildFile; fileRef = 572F32FB24D1238000F24A6E /* EventDetailsView.swift */; };
		572F32FE24D1243F00F24A6E /* EventItemView.swift in Sources */ = {isa = PBXBuildFile; fileRef = 572F32FD24D1243F00F24A6E /* EventItemView.swift */; };
		CD585D3124D1636D00B89C8C /* RatingView.swift in Sources */ = {isa = PBXBuildFile; fileRef = CD585D3024D1636D00B89C8C /* RatingView.swift */; };
		CD5C121F24D254750076402C /* exploresRevised.json in Resources */ = {isa = PBXBuildFile; fileRef = CD5C121E24D254750076402C /* exploresRevised.json */; };
		CD75737C24CFDE9100EABFC9 /* TestRename.xcdatamodeld in Sources */ = {isa = PBXBuildFile; fileRef = CD75735024CFDE9000EABFC9 /* TestRename.xcdatamodeld */; };
		CD75737D24CFDE9100EABFC9 /* LoadSwiftUIViewController.swift in Sources */ = {isa = PBXBuildFile; fileRef = CD75735324CFDE9000EABFC9 /* LoadSwiftUIViewController.swift */; };
		CD75737E24CFDE9100EABFC9 /* Extension.swift in Sources */ = {isa = PBXBuildFile; fileRef = CD75735424CFDE9000EABFC9 /* Extension.swift */; };
		CD75737F24CFDE9100EABFC9 /* MainEvents.storyboard in Resources */ = {isa = PBXBuildFile; fileRef = CD75735524CFDE9000EABFC9 /* MainEvents.storyboard */; };
		CD75738124CFDE9100EABFC9 /* List Tempat.rtf in Resources */ = {isa = PBXBuildFile; fileRef = CD75735824CFDE9000EABFC9 /* List Tempat.rtf */; };
		CD75738224CFDE9100EABFC9 /* ExploreView.swift in Sources */ = {isa = PBXBuildFile; fileRef = CD75735A24CFDE9000EABFC9 /* ExploreView.swift */; };
		CD75738324CFDE9100EABFC9 /* StatusRiderView.swift in Sources */ = {isa = PBXBuildFile; fileRef = CD75735B24CFDE9000EABFC9 /* StatusRiderView.swift */; };
		CD75738424CFDE9100EABFC9 /* AppView.swift in Sources */ = {isa = PBXBuildFile; fileRef = CD75735C24CFDE9000EABFC9 /* AppView.swift */; };
		CD75738524CFDE9100EABFC9 /* EventInformationView.swift in Sources */ = {isa = PBXBuildFile; fileRef = CD75735D24CFDE9000EABFC9 /* EventInformationView.swift */; };
		CD75738624CFDE9100EABFC9 /* ExploreRowView.swift in Sources */ = {isa = PBXBuildFile; fileRef = CD75735E24CFDE9100EABFC9 /* ExploreRowView.swift */; };
		CD75738724CFDE9100EABFC9 /* ExploreItemView.swift in Sources */ = {isa = PBXBuildFile; fileRef = CD75735F24CFDE9100EABFC9 /* ExploreItemView.swift */; };
		CD75738824CFDE9100EABFC9 /* Create Event Information.swift in Sources */ = {isa = PBXBuildFile; fileRef = CD75736024CFDE9100EABFC9 /* Create Event Information.swift */; };
		CD75738924CFDE9100EABFC9 /* CreateEventView.swift in Sources */ = {isa = PBXBuildFile; fileRef = CD75736124CFDE9100EABFC9 /* CreateEventView.swift */; };
		CD75738A24CFDE9100EABFC9 /* EventInformationInviteFriends.swift in Sources */ = {isa = PBXBuildFile; fileRef = CD75736224CFDE9100EABFC9 /* EventInformationInviteFriends.swift */; };
		CD75738C24CFDE9100EABFC9 /* NotificationView.swift in Sources */ = {isa = PBXBuildFile; fileRef = CD75736424CFDE9100EABFC9 /* NotificationView.swift */; };
		CD75738E24CFDE9100EABFC9 /* MainEvent.swift in Sources */ = {isa = PBXBuildFile; fileRef = CD75736624CFDE9100EABFC9 /* MainEvent.swift */; };
		CD75738F24CFDE9100EABFC9 /* CreateEventOptionalRouteView.swift in Sources */ = {isa = PBXBuildFile; fileRef = CD75736724CFDE9100EABFC9 /* CreateEventOptionalRouteView.swift */; };
		CD75739024CFDE9100EABFC9 /* AppDelegate.swift in Sources */ = {isa = PBXBuildFile; fileRef = CD75736824CFDE9100EABFC9 /* AppDelegate.swift */; };
		CD75739124CFDE9100EABFC9 /* Assets.xcassets in Resources */ = {isa = PBXBuildFile; fileRef = CD75736924CFDE9100EABFC9 /* Assets.xcassets */; };
		CD75739324CFDE9100EABFC9 /* explores.json in Resources */ = {isa = PBXBuildFile; fileRef = CD75736B24CFDE9100EABFC9 /* explores.json */; };
		CD75739424CFDE9100EABFC9 /* SceneDelegate.swift in Sources */ = {isa = PBXBuildFile; fileRef = CD75736C24CFDE9100EABFC9 /* SceneDelegate.swift */; };
		CD75739524CFDE9100EABFC9 /* LaunchScreen.storyboard in Resources */ = {isa = PBXBuildFile; fileRef = CD75736E24CFDE9100EABFC9 /* LaunchScreen.storyboard */; };
		CD75739724CFDE9100EABFC9 /* ViewController.swift in Sources */ = {isa = PBXBuildFile; fileRef = CD75737224CFDE9100EABFC9 /* ViewController.swift */; };
		CD75739924CFDE9100EABFC9 /* EventData.swift in Sources */ = {isa = PBXBuildFile; fileRef = CD75737524CFDE9100EABFC9 /* EventData.swift */; };
		CD75739A24CFDE9100EABFC9 /* Data.swift in Sources */ = {isa = PBXBuildFile; fileRef = CD75737624CFDE9100EABFC9 /* Data.swift */; };
		CD75739B24CFDE9100EABFC9 /* FriendInvitation.swift in Sources */ = {isa = PBXBuildFile; fileRef = CD75737724CFDE9100EABFC9 /* FriendInvitation.swift */; };
		CD75739C24CFDE9100EABFC9 /* PeopleData.swift in Sources */ = {isa = PBXBuildFile; fileRef = CD75737824CFDE9100EABFC9 /* PeopleData.swift */; };
		CD75739D24CFDE9100EABFC9 /* RidingLocation.swift in Sources */ = {isa = PBXBuildFile; fileRef = CD75737924CFDE9100EABFC9 /* RidingLocation.swift */; };
		CD75739F24CFDE9100EABFC9 /* Explore.swift in Sources */ = {isa = PBXBuildFile; fileRef = CD75737B24CFDE9100EABFC9 /* Explore.swift */; };
		CD79826924D1044800EA93F1 /* FriendUIView.swift in Sources */ = {isa = PBXBuildFile; fileRef = CD79826824D1044800EA93F1 /* FriendUIView.swift */; };
		CD79826B24D1088C00EA93F1 /* HistoryUIView.swift in Sources */ = {isa = PBXBuildFile; fileRef = CD79826A24D1088C00EA93F1 /* HistoryUIView.swift */; };
		CD79826D24D10A8A00EA93F1 /* HistoryRowView.swift in Sources */ = {isa = PBXBuildFile; fileRef = CD79826C24D10A8A00EA93F1 /* HistoryRowView.swift */; };
		CD79826F24D10AF200EA93F1 /* HistoryItemView.swift in Sources */ = {isa = PBXBuildFile; fileRef = CD79826E24D10AF200EA93F1 /* HistoryItemView.swift */; };
		CD79827124D141F900EA93F1 /* HistoryReview.swift in Sources */ = {isa = PBXBuildFile; fileRef = CD79827024D141F900EA93F1 /* HistoryReview.swift */; };
		CDA392DC24D1A98D00E4AD07 /* SF-Pro-Display-Semibold.otf in Resources */ = {isa = PBXBuildFile; fileRef = CDA392DB24D1A98D00E4AD07 /* SF-Pro-Display-Semibold.otf */; };
		CDA392DE24D1A9A500E4AD07 /* SF-Pro-Display-Bold.otf in Resources */ = {isa = PBXBuildFile; fileRef = CDA392DD24D1A9A500E4AD07 /* SF-Pro-Display-Bold.otf */; };
		CDA392E024D1AB8B00E4AD07 /* SF-Pro-Text-Regular.otf in Resources */ = {isa = PBXBuildFile; fileRef = CDA392DF24D1AB8B00E4AD07 /* SF-Pro-Text-Regular.otf */; };
		CDA392E224D1AC9C00E4AD07 /* SF-Pro-Display-Light.otf in Resources */ = {isa = PBXBuildFile; fileRef = CDA392E124D1AC9C00E4AD07 /* SF-Pro-Display-Light.otf */; };
		CDA9E66724D2EA9F00905FCE /* MapKit.framework in Frameworks */ = {isa = PBXBuildFile; fileRef = CDA9E66624D2EA9F00905FCE /* MapKit.framework */; };
		CDA9E66A24D2EACB00905FCE /* CloudKit.framework in Frameworks */ = {isa = PBXBuildFile; fileRef = CDA9E66924D2EACB00905FCE /* CloudKit.framework */; };
		CDC4890224D7B4AD0001C2A4 /* MapView.swift in Sources */ = {isa = PBXBuildFile; fileRef = CDC4890124D7B4AD0001C2A4 /* MapView.swift */; };
/* End PBXBuildFile section */

/* Begin PBXFileReference section */
		2CCE0ABF24D13D3100E53BCD /* Structure.swift */ = {isa = PBXFileReference; lastKnownFileType = sourcecode.swift; path = Structure.swift; sourceTree = "<group>"; };
		57052F9E24D9CC6F001199F5 /* AddFriendsAlertView.swift */ = {isa = PBXFileReference; lastKnownFileType = sourcecode.swift; path = AddFriendsAlertView.swift; sourceTree = "<group>"; };
		57220D1124D269C100BD7FCD /* SplashScreenView.swift */ = {isa = PBXFileReference; lastKnownFileType = sourcecode.swift; path = SplashScreenView.swift; sourceTree = "<group>"; };
		572F32F524D112ED00F24A6E /* ProfileView.swift */ = {isa = PBXFileReference; lastKnownFileType = sourcecode.swift; path = ProfileView.swift; sourceTree = "<group>"; };
		572F32F724D119E800F24A6E /* ExploreDetailsView.swift */ = {isa = PBXFileReference; lastKnownFileType = sourcecode.swift; path = ExploreDetailsView.swift; sourceTree = "<group>"; };
		572F32F924D11D3000F24A6E /* ListEventDetailsView.swift */ = {isa = PBXFileReference; lastKnownFileType = sourcecode.swift; path = ListEventDetailsView.swift; sourceTree = "<group>"; };
		572F32FB24D1238000F24A6E /* EventDetailsView.swift */ = {isa = PBXFileReference; lastKnownFileType = sourcecode.swift; path = EventDetailsView.swift; sourceTree = "<group>"; };
		572F32FD24D1243F00F24A6E /* EventItemView.swift */ = {isa = PBXFileReference; lastKnownFileType = sourcecode.swift; path = EventItemView.swift; sourceTree = "<group>"; };
		CD585D3024D1636D00B89C8C /* RatingView.swift */ = {isa = PBXFileReference; lastKnownFileType = sourcecode.swift; path = RatingView.swift; sourceTree = "<group>"; };
		CD5C121E24D254750076402C /* exploresRevised.json */ = {isa = PBXFileReference; lastKnownFileType = text.json; path = exploresRevised.json; sourceTree = "<group>"; };
		CD75735124CFDE9000EABFC9 /* BisaRenameGakYa.xcdatamodel */ = {isa = PBXFileReference; lastKnownFileType = wrapper.xcdatamodel; path = BisaRenameGakYa.xcdatamodel; sourceTree = "<group>"; };
		CD75735324CFDE9000EABFC9 /* LoadSwiftUIViewController.swift */ = {isa = PBXFileReference; fileEncoding = 4; lastKnownFileType = sourcecode.swift; path = LoadSwiftUIViewController.swift; sourceTree = "<group>"; };
		CD75735424CFDE9000EABFC9 /* Extension.swift */ = {isa = PBXFileReference; fileEncoding = 4; lastKnownFileType = sourcecode.swift; path = Extension.swift; sourceTree = "<group>"; };
		CD75735524CFDE9000EABFC9 /* MainEvents.storyboard */ = {isa = PBXFileReference; fileEncoding = 4; lastKnownFileType = file.storyboard; path = MainEvents.storyboard; sourceTree = "<group>"; };
		CD75735824CFDE9000EABFC9 /* List Tempat.rtf */ = {isa = PBXFileReference; fileEncoding = 4; lastKnownFileType = text.rtf; path = "List Tempat.rtf"; sourceTree = "<group>"; };
		CD75735A24CFDE9000EABFC9 /* ExploreView.swift */ = {isa = PBXFileReference; fileEncoding = 4; lastKnownFileType = sourcecode.swift; path = ExploreView.swift; sourceTree = "<group>"; };
		CD75735B24CFDE9000EABFC9 /* StatusRiderView.swift */ = {isa = PBXFileReference; fileEncoding = 4; lastKnownFileType = sourcecode.swift; path = StatusRiderView.swift; sourceTree = "<group>"; };
		CD75735C24CFDE9000EABFC9 /* AppView.swift */ = {isa = PBXFileReference; fileEncoding = 4; lastKnownFileType = sourcecode.swift; path = AppView.swift; sourceTree = "<group>"; };
		CD75735D24CFDE9000EABFC9 /* EventInformationView.swift */ = {isa = PBXFileReference; fileEncoding = 4; lastKnownFileType = sourcecode.swift; path = EventInformationView.swift; sourceTree = "<group>"; };
		CD75735E24CFDE9100EABFC9 /* ExploreRowView.swift */ = {isa = PBXFileReference; fileEncoding = 4; lastKnownFileType = sourcecode.swift; path = ExploreRowView.swift; sourceTree = "<group>"; };
		CD75735F24CFDE9100EABFC9 /* ExploreItemView.swift */ = {isa = PBXFileReference; fileEncoding = 4; lastKnownFileType = sourcecode.swift; path = ExploreItemView.swift; sourceTree = "<group>"; };
		CD75736024CFDE9100EABFC9 /* Create Event Information.swift */ = {isa = PBXFileReference; fileEncoding = 4; lastKnownFileType = sourcecode.swift; path = "Create Event Information.swift"; sourceTree = "<group>"; };
		CD75736124CFDE9100EABFC9 /* CreateEventView.swift */ = {isa = PBXFileReference; fileEncoding = 4; lastKnownFileType = sourcecode.swift; path = CreateEventView.swift; sourceTree = "<group>"; };
		CD75736224CFDE9100EABFC9 /* EventInformationInviteFriends.swift */ = {isa = PBXFileReference; fileEncoding = 4; lastKnownFileType = sourcecode.swift; path = EventInformationInviteFriends.swift; sourceTree = "<group>"; };
		CD75736424CFDE9100EABFC9 /* NotificationView.swift */ = {isa = PBXFileReference; fileEncoding = 4; lastKnownFileType = sourcecode.swift; path = NotificationView.swift; sourceTree = "<group>"; };
		CD75736624CFDE9100EABFC9 /* MainEvent.swift */ = {isa = PBXFileReference; fileEncoding = 4; lastKnownFileType = sourcecode.swift; path = MainEvent.swift; sourceTree = "<group>"; };
		CD75736724CFDE9100EABFC9 /* CreateEventOptionalRouteView.swift */ = {isa = PBXFileReference; fileEncoding = 4; lastKnownFileType = sourcecode.swift; path = CreateEventOptionalRouteView.swift; sourceTree = "<group>"; };
		CD75736824CFDE9100EABFC9 /* AppDelegate.swift */ = {isa = PBXFileReference; fileEncoding = 4; lastKnownFileType = sourcecode.swift; path = AppDelegate.swift; sourceTree = "<group>"; };
		CD75736924CFDE9100EABFC9 /* Assets.xcassets */ = {isa = PBXFileReference; lastKnownFileType = folder.assetcatalog; path = Assets.xcassets; sourceTree = "<group>"; };
		CD75736A24CFDE9100EABFC9 /* Info.plist */ = {isa = PBXFileReference; fileEncoding = 4; lastKnownFileType = text.plist.xml; path = Info.plist; sourceTree = "<group>"; };
		CD75736B24CFDE9100EABFC9 /* explores.json */ = {isa = PBXFileReference; fileEncoding = 4; lastKnownFileType = text.json; path = explores.json; sourceTree = "<group>"; };
		CD75736C24CFDE9100EABFC9 /* SceneDelegate.swift */ = {isa = PBXFileReference; fileEncoding = 4; lastKnownFileType = sourcecode.swift; path = SceneDelegate.swift; sourceTree = "<group>"; };
		CD75736F24CFDE9100EABFC9 /* Base */ = {isa = PBXFileReference; lastKnownFileType = file.storyboard; name = Base; path = LaunchScreen.storyboard; sourceTree = "<group>"; };
		CD75737124CFDE9100EABFC9 /* Main.storyboard */ = {isa = PBXFileReference; lastKnownFileType = file.storyboard; path = Main.storyboard; sourceTree = "<group>"; };
		CD75737224CFDE9100EABFC9 /* ViewController.swift */ = {isa = PBXFileReference; fileEncoding = 4; lastKnownFileType = sourcecode.swift; path = ViewController.swift; sourceTree = "<group>"; };
		CD75737524CFDE9100EABFC9 /* EventData.swift */ = {isa = PBXFileReference; fileEncoding = 4; lastKnownFileType = sourcecode.swift; path = EventData.swift; sourceTree = "<group>"; };
		CD75737624CFDE9100EABFC9 /* Data.swift */ = {isa = PBXFileReference; fileEncoding = 4; lastKnownFileType = sourcecode.swift; path = Data.swift; sourceTree = "<group>"; };
		CD75737724CFDE9100EABFC9 /* FriendInvitation.swift */ = {isa = PBXFileReference; fileEncoding = 4; lastKnownFileType = sourcecode.swift; path = FriendInvitation.swift; sourceTree = "<group>"; };
		CD75737824CFDE9100EABFC9 /* PeopleData.swift */ = {isa = PBXFileReference; fileEncoding = 4; lastKnownFileType = sourcecode.swift; path = PeopleData.swift; sourceTree = "<group>"; };
		CD75737924CFDE9100EABFC9 /* RidingLocation.swift */ = {isa = PBXFileReference; fileEncoding = 4; lastKnownFileType = sourcecode.swift; path = RidingLocation.swift; sourceTree = "<group>"; };
		CD75737B24CFDE9100EABFC9 /* Explore.swift */ = {isa = PBXFileReference; fileEncoding = 4; lastKnownFileType = sourcecode.swift; path = Explore.swift; sourceTree = "<group>"; };
		CD79826824D1044800EA93F1 /* FriendUIView.swift */ = {isa = PBXFileReference; lastKnownFileType = sourcecode.swift; path = FriendUIView.swift; sourceTree = "<group>"; };
		CD79826A24D1088C00EA93F1 /* HistoryUIView.swift */ = {isa = PBXFileReference; lastKnownFileType = sourcecode.swift; path = HistoryUIView.swift; sourceTree = "<group>"; };
		CD79826C24D10A8A00EA93F1 /* HistoryRowView.swift */ = {isa = PBXFileReference; lastKnownFileType = sourcecode.swift; path = HistoryRowView.swift; sourceTree = "<group>"; };
		CD79826E24D10AF200EA93F1 /* HistoryItemView.swift */ = {isa = PBXFileReference; lastKnownFileType = sourcecode.swift; path = HistoryItemView.swift; sourceTree = "<group>"; };
		CD79827024D141F900EA93F1 /* HistoryReview.swift */ = {isa = PBXFileReference; lastKnownFileType = sourcecode.swift; path = HistoryReview.swift; sourceTree = "<group>"; };
		CD9D731E24B2D19A006D3103 /* FellowCity.app */ = {isa = PBXFileReference; explicitFileType = wrapper.application; includeInIndex = 0; path = FellowCity.app; sourceTree = BUILT_PRODUCTS_DIR; };
		CDA392DB24D1A98D00E4AD07 /* SF-Pro-Display-Semibold.otf */ = {isa = PBXFileReference; lastKnownFileType = file; path = "SF-Pro-Display-Semibold.otf"; sourceTree = "<group>"; };
		CDA392DD24D1A9A500E4AD07 /* SF-Pro-Display-Bold.otf */ = {isa = PBXFileReference; lastKnownFileType = file; path = "SF-Pro-Display-Bold.otf"; sourceTree = "<group>"; };
		CDA392DF24D1AB8B00E4AD07 /* SF-Pro-Text-Regular.otf */ = {isa = PBXFileReference; lastKnownFileType = file; path = "SF-Pro-Text-Regular.otf"; sourceTree = "<group>"; };
		CDA392E124D1AC9C00E4AD07 /* SF-Pro-Display-Light.otf */ = {isa = PBXFileReference; lastKnownFileType = file; path = "SF-Pro-Display-Light.otf"; sourceTree = "<group>"; };
		CDA9E66624D2EA9F00905FCE /* MapKit.framework */ = {isa = PBXFileReference; lastKnownFileType = wrapper.framework; name = MapKit.framework; path = System/Library/Frameworks/MapKit.framework; sourceTree = SDKROOT; };
		CDA9E66824D2EABE00905FCE /* FellowCity.entitlements */ = {isa = PBXFileReference; lastKnownFileType = text.plist.entitlements; path = FellowCity.entitlements; sourceTree = "<group>"; };
		CDA9E66924D2EACB00905FCE /* CloudKit.framework */ = {isa = PBXFileReference; lastKnownFileType = wrapper.framework; name = CloudKit.framework; path = System/Library/Frameworks/CloudKit.framework; sourceTree = SDKROOT; };
		CDC4890124D7B4AD0001C2A4 /* MapView.swift */ = {isa = PBXFileReference; lastKnownFileType = sourcecode.swift; path = MapView.swift; sourceTree = "<group>"; };
/* End PBXFileReference section */

/* Begin PBXFrameworksBuildPhase section */
		CD9D731B24B2D19A006D3103 /* Frameworks */ = {
			isa = PBXFrameworksBuildPhase;
			buildActionMask = 2147483647;
			files = (
				CDA9E66724D2EA9F00905FCE /* MapKit.framework in Frameworks */,
				CDA9E66A24D2EACB00905FCE /* CloudKit.framework in Frameworks */,
			);
			runOnlyForDeploymentPostprocessing = 0;
		};
/* End PBXFrameworksBuildPhase section */

/* Begin PBXGroup section */
		57D8DC5224D907FB001C4B8A /* Ride */ = {
			isa = PBXGroup;
			children = (
			);
			path = Ride;
			sourceTree = "<group>";
		};
		57D8DC5424D9085A001C4B8A /* StatusRider */ = {
			isa = PBXGroup;
			children = (
			);
			path = StatusRider;
			sourceTree = "<group>";
		};
		57D8DC5524D90871001C4B8A /* History */ = {
			isa = PBXGroup;
			children = (
			);
			path = History;
			sourceTree = "<group>";
		};
		57D8DC5624D90892001C4B8A /* Events */ = {
			isa = PBXGroup;
			children = (
			);
			path = Events;
			sourceTree = "<group>";
		};
		57D8DC5724D908AD001C4B8A /* Friends */ = {
			isa = PBXGroup;
			children = (
			);
			path = Friends;
			sourceTree = "<group>";
		};
		57D8DC5824D908BE001C4B8A /* Notification */ = {
			isa = PBXGroup;
			children = (
			);
			path = Notification;
			sourceTree = "<group>";
		};
		57D8DC5924D90958001C4B8A /* App */ = {
			isa = PBXGroup;
			children = (
			);
			path = App;
			sourceTree = "<group>";
		};
		CD75735224CFDE9000EABFC9 /* Controller */ = {
			isa = PBXGroup;
			children = (
				CD75735324CFDE9000EABFC9 /* LoadSwiftUIViewController.swift */,
				CD75735424CFDE9000EABFC9 /* Extension.swift */,
				CD75735524CFDE9000EABFC9 /* MainEvents.storyboard */,
				CD75737124CFDE9100EABFC9 /* Main.storyboard */,
			);
			path = Controller;
			sourceTree = "<group>";
		};
		CD75735924CFDE9000EABFC9 /* View */ = {
			isa = PBXGroup;
			children = (
				57D8DC5624D90892001C4B8A /* Events */,
				CD75736624CFDE9100EABFC9 /* MainEvent.swift */,
				CD75736124CFDE9100EABFC9 /* CreateEventView.swift */,
				CD75736724CFDE9100EABFC9 /* CreateEventOptionalRouteView.swift */,
				CD75735D24CFDE9000EABFC9 /* EventInformationView.swift */,
				CD75736224CFDE9100EABFC9 /* EventInformationInviteFriends.swift */,
				CD585D3024D1636D00B89C8C /* RatingView.swift */,
				CD75736024CFDE9100EABFC9 /* Create Event Information.swift */,
				57D8DC5724D908AD001C4B8A /* Friends */,
				CD79826824D1044800EA93F1 /* FriendUIView.swift */,
				57052F9E24D9CC6F001199F5 /* AddFriendsAlertView.swift */,
				572F32F524D112ED00F24A6E /* ProfileView.swift */,
				57D8DC5224D907FB001C4B8A /* Ride */,
				CD75735A24CFDE9000EABFC9 /* ExploreView.swift */,
				CD75735E24CFDE9100EABFC9 /* ExploreRowView.swift */,
				CD75735F24CFDE9100EABFC9 /* ExploreItemView.swift */,
				572F32F724D119E800F24A6E /* ExploreDetailsView.swift */,
				572F32F924D11D3000F24A6E /* ListEventDetailsView.swift */,
				572F32FB24D1238000F24A6E /* EventDetailsView.swift */,
				572F32FD24D1243F00F24A6E /* EventItemView.swift */,
				57D8DC5824D908BE001C4B8A /* Notification */,
				CD75736424CFDE9100EABFC9 /* NotificationView.swift */,
				57D8DC5524D90871001C4B8A /* History */,
				CD79826A24D1088C00EA93F1 /* HistoryUIView.swift */,
				CD79826C24D10A8A00EA93F1 /* HistoryRowView.swift */,
				CD79826E24D10AF200EA93F1 /* HistoryItemView.swift */,
				CD79827024D141F900EA93F1 /* HistoryReview.swift */,
				57D8DC5424D9085A001C4B8A /* StatusRider */,
				CD75735B24CFDE9000EABFC9 /* StatusRiderView.swift */,
				57D8DC5924D90958001C4B8A /* App */,
				CD75735C24CFDE9000EABFC9 /* AppView.swift */,
				57220D1124D269C100BD7FCD /* SplashScreenView.swift */,
				CDC4890124D7B4AD0001C2A4 /* MapView.swift */,
			);
			path = View;
			sourceTree = "<group>";
		};
		CD75736D24CFDE9100EABFC9 /* Base.lproj */ = {
			isa = PBXGroup;
			children = (
				CD75736E24CFDE9100EABFC9 /* LaunchScreen.storyboard */,
			);
			path = Base.lproj;
			sourceTree = "<group>";
		};
		CD75737324CFDE9100EABFC9 /* Model */ = {
			isa = PBXGroup;
			children = (
				CD75737524CFDE9100EABFC9 /* EventData.swift */,
				CD75737624CFDE9100EABFC9 /* Data.swift */,
				CD75737724CFDE9100EABFC9 /* FriendInvitation.swift */,
				CD75737824CFDE9100EABFC9 /* PeopleData.swift */,
				CD75737924CFDE9100EABFC9 /* RidingLocation.swift */,
				CD75737B24CFDE9100EABFC9 /* Explore.swift */,
				2CCE0ABF24D13D3100E53BCD /* Structure.swift */,
			);
			path = Model;
			sourceTree = "<group>";
		};
		CD9D731524B2D19A006D3103 = {
			isa = PBXGroup;
			children = (
				CD9D732024B2D19A006D3103 /* FellowCity */,
				CD9D731F24B2D19A006D3103 /* Products */,
				CDA9E66524D2EA9F00905FCE /* Frameworks */,
			);
			sourceTree = "<group>";
		};
		CD9D731F24B2D19A006D3103 /* Products */ = {
			isa = PBXGroup;
			children = (
				CD9D731E24B2D19A006D3103 /* FellowCity.app */,
			);
			name = Products;
			sourceTree = "<group>";
		};
		CD9D732024B2D19A006D3103 /* FellowCity */ = {
			isa = PBXGroup;
			children = (
				CDA9E66824D2EABE00905FCE /* FellowCity.entitlements */,
				CDA392DA24D1A95600E4AD07 /* Fonts */,
				CD75736824CFDE9100EABFC9 /* AppDelegate.swift */,
				CD75736924CFDE9100EABFC9 /* Assets.xcassets */,
				CD75736D24CFDE9100EABFC9 /* Base.lproj */,
				CD75735224CFDE9000EABFC9 /* Controller */,
				CD75736B24CFDE9100EABFC9 /* explores.json */,
				CD75736A24CFDE9100EABFC9 /* Info.plist */,
				CD75735824CFDE9000EABFC9 /* List Tempat.rtf */,
				CD75737324CFDE9100EABFC9 /* Model */,
				CD75736C24CFDE9100EABFC9 /* SceneDelegate.swift */,
				CD75735024CFDE9000EABFC9 /* TestRename.xcdatamodeld */,
				CD75735924CFDE9000EABFC9 /* View */,
				CD75737224CFDE9100EABFC9 /* ViewController.swift */,
				CD5C121E24D254750076402C /* exploresRevised.json */,
			);
			path = FellowCity;
			sourceTree = "<group>";
		};
		CDA392DA24D1A95600E4AD07 /* Fonts */ = {
			isa = PBXGroup;
			children = (
				CDA392DD24D1A9A500E4AD07 /* SF-Pro-Display-Bold.otf */,
				CDA392DB24D1A98D00E4AD07 /* SF-Pro-Display-Semibold.otf */,
				CDA392DF24D1AB8B00E4AD07 /* SF-Pro-Text-Regular.otf */,
				CDA392E124D1AC9C00E4AD07 /* SF-Pro-Display-Light.otf */,
			);
			path = Fonts;
			sourceTree = "<group>";
		};
		CDA9E66524D2EA9F00905FCE /* Frameworks */ = {
			isa = PBXGroup;
			children = (
				CDA9E66924D2EACB00905FCE /* CloudKit.framework */,
				CDA9E66624D2EA9F00905FCE /* MapKit.framework */,
			);
			name = Frameworks;
			sourceTree = "<group>";
		};
/* End PBXGroup section */

/* Begin PBXNativeTarget section */
		CD9D731D24B2D19A006D3103 /* FellowCity */ = {
			isa = PBXNativeTarget;
			buildConfigurationList = CD9D733524B2D19B006D3103 /* Build configuration list for PBXNativeTarget "FellowCity" */;
			buildPhases = (
				CD9D731A24B2D19A006D3103 /* Sources */,
				CD9D731B24B2D19A006D3103 /* Frameworks */,
				CD9D731C24B2D19A006D3103 /* Resources */,
			);
			buildRules = (
			);
			dependencies = (
			);
			name = FellowCity;
			productName = BisaRenameGakYa;
			productReference = CD9D731E24B2D19A006D3103 /* FellowCity.app */;
			productType = "com.apple.product-type.application";
		};
/* End PBXNativeTarget section */

/* Begin PBXProject section */
		CD9D731624B2D19A006D3103 /* Project object */ = {
			isa = PBXProject;
			attributes = {
				LastSwiftUpdateCheck = 1150;
				LastUpgradeCheck = 1150;
				ORGANIZATIONNAME = "Hubert Daryanto";
				TargetAttributes = {
					CD9D731D24B2D19A006D3103 = {
						CreatedOnToolsVersion = 11.5;
						LastSwiftMigration = 1160;
					};
				};
			};
			buildConfigurationList = CD9D731924B2D19A006D3103 /* Build configuration list for PBXProject "FellowCity" */;
			compatibilityVersion = "Xcode 9.3";
			developmentRegion = en;
			hasScannedForEncodings = 0;
			knownRegions = (
				en,
				Base,
			);
			mainGroup = CD9D731524B2D19A006D3103;
			productRefGroup = CD9D731F24B2D19A006D3103 /* Products */;
			projectDirPath = "";
			projectRoot = "";
			targets = (
				CD9D731D24B2D19A006D3103 /* FellowCity */,
			);
		};
/* End PBXProject section */

/* Begin PBXResourcesBuildPhase section */
		CD9D731C24B2D19A006D3103 /* Resources */ = {
			isa = PBXResourcesBuildPhase;
			buildActionMask = 2147483647;
			files = (
				CD75737F24CFDE9100EABFC9 /* MainEvents.storyboard in Resources */,
				CD75739324CFDE9100EABFC9 /* explores.json in Resources */,
				CD75738124CFDE9100EABFC9 /* List Tempat.rtf in Resources */,
				CDA392DC24D1A98D00E4AD07 /* SF-Pro-Display-Semibold.otf in Resources */,
				CD5C121F24D254750076402C /* exploresRevised.json in Resources */,
				572F32F424D111E000F24A6E /* Main.storyboard in Resources */,
				CD75739124CFDE9100EABFC9 /* Assets.xcassets in Resources */,
				CDA392E224D1AC9C00E4AD07 /* SF-Pro-Display-Light.otf in Resources */,
				CDA392E024D1AB8B00E4AD07 /* SF-Pro-Text-Regular.otf in Resources */,
				CDA392DE24D1A9A500E4AD07 /* SF-Pro-Display-Bold.otf in Resources */,
				CD75739524CFDE9100EABFC9 /* LaunchScreen.storyboard in Resources */,
			);
			runOnlyForDeploymentPostprocessing = 0;
		};
/* End PBXResourcesBuildPhase section */

/* Begin PBXSourcesBuildPhase section */
		CD9D731A24B2D19A006D3103 /* Sources */ = {
			isa = PBXSourcesBuildPhase;
			buildActionMask = 2147483647;
			files = (
				CD79826F24D10AF200EA93F1 /* HistoryItemView.swift in Sources */,
				CD75738A24CFDE9100EABFC9 /* EventInformationInviteFriends.swift in Sources */,
				CD75738E24CFDE9100EABFC9 /* MainEvent.swift in Sources */,
				CD585D3124D1636D00B89C8C /* RatingView.swift in Sources */,
				CD75738524CFDE9100EABFC9 /* EventInformationView.swift in Sources */,
				CD75738624CFDE9100EABFC9 /* ExploreRowView.swift in Sources */,
				CD75739C24CFDE9100EABFC9 /* PeopleData.swift in Sources */,
				CD75739924CFDE9100EABFC9 /* EventData.swift in Sources */,
				CD79826D24D10A8A00EA93F1 /* HistoryRowView.swift in Sources */,
				57052F9F24D9CC6F001199F5 /* AddFriendsAlertView.swift in Sources */,
				CD75738724CFDE9100EABFC9 /* ExploreItemView.swift in Sources */,
				CD79827124D141F900EA93F1 /* HistoryReview.swift in Sources */,
				CD79826B24D1088C00EA93F1 /* HistoryUIView.swift in Sources */,
				572F32FA24D11D3000F24A6E /* ListEventDetailsView.swift in Sources */,
				572F32F624D112ED00F24A6E /* ProfileView.swift in Sources */,
				CD75739D24CFDE9100EABFC9 /* RidingLocation.swift in Sources */,
				CDC4890224D7B4AD0001C2A4 /* MapView.swift in Sources */,
				CD75738924CFDE9100EABFC9 /* CreateEventView.swift in Sources */,
				57220D1224D269C100BD7FCD /* SplashScreenView.swift in Sources */,
				CD75737E24CFDE9100EABFC9 /* Extension.swift in Sources */,
				CD75737D24CFDE9100EABFC9 /* LoadSwiftUIViewController.swift in Sources */,
				CD75739724CFDE9100EABFC9 /* ViewController.swift in Sources */,
				572F32F824D119E800F24A6E /* ExploreDetailsView.swift in Sources */,
				CD75738424CFDE9100EABFC9 /* AppView.swift in Sources */,
				CD75739A24CFDE9100EABFC9 /* Data.swift in Sources */,
				2CCE0AC024D13D3100E53BCD /* Structure.swift in Sources */,
				CD75739B24CFDE9100EABFC9 /* FriendInvitation.swift in Sources */,
				CD75738C24CFDE9100EABFC9 /* NotificationView.swift in Sources */,
				CD75739F24CFDE9100EABFC9 /* Explore.swift in Sources */,
				CD79826924D1044800EA93F1 /* FriendUIView.swift in Sources */,
				572F32FC24D1238000F24A6E /* EventDetailsView.swift in Sources */,
				CD75739024CFDE9100EABFC9 /* AppDelegate.swift in Sources */,
				CD75738224CFDE9100EABFC9 /* ExploreView.swift in Sources */,
				572F32FE24D1243F00F24A6E /* EventItemView.swift in Sources */,
				CD75738324CFDE9100EABFC9 /* StatusRiderView.swift in Sources */,
				CD75738F24CFDE9100EABFC9 /* CreateEventOptionalRouteView.swift in Sources */,
				CD75739424CFDE9100EABFC9 /* SceneDelegate.swift in Sources */,
				CD75737C24CFDE9100EABFC9 /* TestRename.xcdatamodeld in Sources */,
				CD75738824CFDE9100EABFC9 /* Create Event Information.swift in Sources */,
			);
			runOnlyForDeploymentPostprocessing = 0;
		};
/* End PBXSourcesBuildPhase section */

/* Begin PBXVariantGroup section */
		CD75736E24CFDE9100EABFC9 /* LaunchScreen.storyboard */ = {
			isa = PBXVariantGroup;
			children = (
				CD75736F24CFDE9100EABFC9 /* Base */,
			);
			name = LaunchScreen.storyboard;
			sourceTree = "<group>";
		};
/* End PBXVariantGroup section */

/* Begin XCBuildConfiguration section */
		CD9D733324B2D19B006D3103 /* Debug */ = {
			isa = XCBuildConfiguration;
			buildSettings = {
				ALWAYS_SEARCH_USER_PATHS = NO;
				CLANG_ANALYZER_NONNULL = YES;
				CLANG_ANALYZER_NUMBER_OBJECT_CONVERSION = YES_AGGRESSIVE;
				CLANG_CXX_LANGUAGE_STANDARD = "gnu++14";
				CLANG_CXX_LIBRARY = "libc++";
				CLANG_ENABLE_MODULES = YES;
				CLANG_ENABLE_OBJC_ARC = YES;
				CLANG_ENABLE_OBJC_WEAK = YES;
				CLANG_WARN_BLOCK_CAPTURE_AUTORELEASING = YES;
				CLANG_WARN_BOOL_CONVERSION = YES;
				CLANG_WARN_COMMA = YES;
				CLANG_WARN_CONSTANT_CONVERSION = YES;
				CLANG_WARN_DEPRECATED_OBJC_IMPLEMENTATIONS = YES;
				CLANG_WARN_DIRECT_OBJC_ISA_USAGE = YES_ERROR;
				CLANG_WARN_DOCUMENTATION_COMMENTS = YES;
				CLANG_WARN_EMPTY_BODY = YES;
				CLANG_WARN_ENUM_CONVERSION = YES;
				CLANG_WARN_INFINITE_RECURSION = YES;
				CLANG_WARN_INT_CONVERSION = YES;
				CLANG_WARN_NON_LITERAL_NULL_CONVERSION = YES;
				CLANG_WARN_OBJC_IMPLICIT_RETAIN_SELF = YES;
				CLANG_WARN_OBJC_LITERAL_CONVERSION = YES;
				CLANG_WARN_OBJC_ROOT_CLASS = YES_ERROR;
				CLANG_WARN_RANGE_LOOP_ANALYSIS = YES;
				CLANG_WARN_STRICT_PROTOTYPES = YES;
				CLANG_WARN_SUSPICIOUS_MOVE = YES;
				CLANG_WARN_UNGUARDED_AVAILABILITY = YES_AGGRESSIVE;
				CLANG_WARN_UNREACHABLE_CODE = YES;
				CLANG_WARN__DUPLICATE_METHOD_MATCH = YES;
				COPY_PHASE_STRIP = NO;
				DEBUG_INFORMATION_FORMAT = dwarf;
				ENABLE_STRICT_OBJC_MSGSEND = YES;
				ENABLE_TESTABILITY = YES;
				GCC_C_LANGUAGE_STANDARD = gnu11;
				GCC_DYNAMIC_NO_PIC = NO;
				GCC_NO_COMMON_BLOCKS = YES;
				GCC_OPTIMIZATION_LEVEL = 0;
				GCC_PREPROCESSOR_DEFINITIONS = (
					"DEBUG=1",
					"$(inherited)",
				);
				GCC_WARN_64_TO_32_BIT_CONVERSION = YES;
				GCC_WARN_ABOUT_RETURN_TYPE = YES_ERROR;
				GCC_WARN_UNDECLARED_SELECTOR = YES;
				GCC_WARN_UNINITIALIZED_AUTOS = YES_AGGRESSIVE;
				GCC_WARN_UNUSED_FUNCTION = YES;
				GCC_WARN_UNUSED_VARIABLE = YES;
				IPHONEOS_DEPLOYMENT_TARGET = 13.5;
				MTL_ENABLE_DEBUG_INFO = INCLUDE_SOURCE;
				MTL_FAST_MATH = YES;
				ONLY_ACTIVE_ARCH = YES;
				SDKROOT = iphoneos;
				SWIFT_ACTIVE_COMPILATION_CONDITIONS = DEBUG;
				SWIFT_OPTIMIZATION_LEVEL = "-Onone";
			};
			name = Debug;
		};
		CD9D733424B2D19B006D3103 /* Release */ = {
			isa = XCBuildConfiguration;
			buildSettings = {
				ALWAYS_SEARCH_USER_PATHS = NO;
				CLANG_ANALYZER_NONNULL = YES;
				CLANG_ANALYZER_NUMBER_OBJECT_CONVERSION = YES_AGGRESSIVE;
				CLANG_CXX_LANGUAGE_STANDARD = "gnu++14";
				CLANG_CXX_LIBRARY = "libc++";
				CLANG_ENABLE_MODULES = YES;
				CLANG_ENABLE_OBJC_ARC = YES;
				CLANG_ENABLE_OBJC_WEAK = YES;
				CLANG_WARN_BLOCK_CAPTURE_AUTORELEASING = YES;
				CLANG_WARN_BOOL_CONVERSION = YES;
				CLANG_WARN_COMMA = YES;
				CLANG_WARN_CONSTANT_CONVERSION = YES;
				CLANG_WARN_DEPRECATED_OBJC_IMPLEMENTATIONS = YES;
				CLANG_WARN_DIRECT_OBJC_ISA_USAGE = YES_ERROR;
				CLANG_WARN_DOCUMENTATION_COMMENTS = YES;
				CLANG_WARN_EMPTY_BODY = YES;
				CLANG_WARN_ENUM_CONVERSION = YES;
				CLANG_WARN_INFINITE_RECURSION = YES;
				CLANG_WARN_INT_CONVERSION = YES;
				CLANG_WARN_NON_LITERAL_NULL_CONVERSION = YES;
				CLANG_WARN_OBJC_IMPLICIT_RETAIN_SELF = YES;
				CLANG_WARN_OBJC_LITERAL_CONVERSION = YES;
				CLANG_WARN_OBJC_ROOT_CLASS = YES_ERROR;
				CLANG_WARN_RANGE_LOOP_ANALYSIS = YES;
				CLANG_WARN_STRICT_PROTOTYPES = YES;
				CLANG_WARN_SUSPICIOUS_MOVE = YES;
				CLANG_WARN_UNGUARDED_AVAILABILITY = YES_AGGRESSIVE;
				CLANG_WARN_UNREACHABLE_CODE = YES;
				CLANG_WARN__DUPLICATE_METHOD_MATCH = YES;
				COPY_PHASE_STRIP = NO;
				DEBUG_INFORMATION_FORMAT = "dwarf-with-dsym";
				ENABLE_NS_ASSERTIONS = NO;
				ENABLE_STRICT_OBJC_MSGSEND = YES;
				GCC_C_LANGUAGE_STANDARD = gnu11;
				GCC_NO_COMMON_BLOCKS = YES;
				GCC_WARN_64_TO_32_BIT_CONVERSION = YES;
				GCC_WARN_ABOUT_RETURN_TYPE = YES_ERROR;
				GCC_WARN_UNDECLARED_SELECTOR = YES;
				GCC_WARN_UNINITIALIZED_AUTOS = YES_AGGRESSIVE;
				GCC_WARN_UNUSED_FUNCTION = YES;
				GCC_WARN_UNUSED_VARIABLE = YES;
				IPHONEOS_DEPLOYMENT_TARGET = 13.5;
				MTL_ENABLE_DEBUG_INFO = NO;
				MTL_FAST_MATH = YES;
				SDKROOT = iphoneos;
				SWIFT_COMPILATION_MODE = wholemodule;
				SWIFT_OPTIMIZATION_LEVEL = "-O";
				VALIDATE_PRODUCT = YES;
			};
			name = Release;
		};
		CD9D733624B2D19B006D3103 /* Debug */ = {
			isa = XCBuildConfiguration;
			buildSettings = {
				ASSETCATALOG_COMPILER_APPICON_NAME = AppIcon;
				CLANG_ENABLE_MODULES = YES;
				CODE_SIGN_ENTITLEMENTS = FellowCity/FellowCity.entitlements;
				CODE_SIGN_STYLE = Automatic;
				DEVELOPMENT_TEAM = AB6S3CVVK7;
				INFOPLIST_FILE = FellowCity/Info.plist;
				LD_RUNPATH_SEARCH_PATHS = (
					"$(inherited)",
					"@executable_path/Frameworks",
				);
				PRODUCT_BUNDLE_IDENTIFIER = Grup13MC3.fellowCity;
				PRODUCT_NAME = FellowCity;
				SWIFT_OPTIMIZATION_LEVEL = "-Onone";
				SWIFT_VERSION = 5.0;
				TARGETED_DEVICE_FAMILY = "1,2";
			};
			name = Debug;
		};
		CD9D733724B2D19B006D3103 /* Release */ = {
			isa = XCBuildConfiguration;
			buildSettings = {
				ASSETCATALOG_COMPILER_APPICON_NAME = AppIcon;
				CLANG_ENABLE_MODULES = YES;
				CODE_SIGN_ENTITLEMENTS = FellowCity/FellowCity.entitlements;
				CODE_SIGN_STYLE = Automatic;
				DEVELOPMENT_TEAM = AB6S3CVVK7;
				INFOPLIST_FILE = FellowCity/Info.plist;
				LD_RUNPATH_SEARCH_PATHS = (
					"$(inherited)",
					"@executable_path/Frameworks",
				);
				PRODUCT_BUNDLE_IDENTIFIER = Grup13MC3.fellowCity;
				PRODUCT_NAME = FellowCity;
				SWIFT_VERSION = 5.0;
				TARGETED_DEVICE_FAMILY = "1,2";
			};
			name = Release;
		};
/* End XCBuildConfiguration section */

/* Begin XCConfigurationList section */
		CD9D731924B2D19A006D3103 /* Build configuration list for PBXProject "FellowCity" */ = {
			isa = XCConfigurationList;
			buildConfigurations = (
				CD9D733324B2D19B006D3103 /* Debug */,
				CD9D733424B2D19B006D3103 /* Release */,
			);
			defaultConfigurationIsVisible = 0;
			defaultConfigurationName = Release;
		};
		CD9D733524B2D19B006D3103 /* Build configuration list for PBXNativeTarget "FellowCity" */ = {
			isa = XCConfigurationList;
			buildConfigurations = (
				CD9D733624B2D19B006D3103 /* Debug */,
				CD9D733724B2D19B006D3103 /* Release */,
			);
			defaultConfigurationIsVisible = 0;
			defaultConfigurationName = Release;
		};
/* End XCConfigurationList section */

/* Begin XCVersionGroup section */
		CD75735024CFDE9000EABFC9 /* TestRename.xcdatamodeld */ = {
			isa = XCVersionGroup;
			children = (
				CD75735124CFDE9000EABFC9 /* BisaRenameGakYa.xcdatamodel */,
			);
			currentVersion = CD75735124CFDE9000EABFC9 /* BisaRenameGakYa.xcdatamodel */;
			path = TestRename.xcdatamodeld;
			sourceTree = "<group>";
			versionGroupType = wrapper.xcdatamodel;
		};
/* End XCVersionGroup section */
	};
	rootObject = CD9D731624B2D19A006D3103 /* Project object */;
}
